
Microsoft Visual Studio Solution File, Format Version 12.00
# Visual Studio Version 16
VisualStudioVersion = 16.0.31205.134
MinimumVisualStudioVersion = 10.0.40219.1
Project("{FAE04EC0-301F-11D3-BF4B-00C04F79EFBC}") = "Devi", "Devi\Devi.csproj", "{1CE9E18A-8B35-44E5-91C8-4270C2021A1F}"
EndProject
Global
	GlobalSection(SolutionConfigurationPlatforms) = preSolution
		Debug|Any CPU = Debug|Any CPU
		Release|Any CPU = Release|Any CPU
	EndGlobalSection
	GlobalSection(ProjectConfigurationPlatforms) = postSolution
		{1CE9E18A-8B35-44E5-91C8-4270C2021A1F}.Debug|Any CPU.ActiveCfg = Debug|Any CPU
		{1CE9E18A-8B35-44E5-91C8-4270C2021A1F}.Debug|Any CPU.Build.0 = Debug|Any CPU
		{1CE9E18A-8B35-44E5-91C8-4270C2021A1F}.Release|Any CPU.ActiveCfg = Release|Any CPU
		{1CE9E18A-8B35-44E5-91C8-4270C2021A1F}.Release|Any CPU.Build.0 = Release|Any CPU
	EndGlobalSection
	GlobalSection(SolutionProperties) = preSolution
		HideSolutionNode = FALSE
	EndGlobalSection
	GlobalSection(ExtensibilityGlobals) = postSolution
		SolutionGuid = {9A01DF61-ED8A-4833-9D5C-BE535BC1E288}
	EndGlobalSection
EndGlobal
